
Microsoft Visual Studio Solution File, Format Version 12.00
# Visual Studio Version 17
VisualStudioVersion = 17.9.34622.214
MinimumVisualStudioVersion = 10.0.40219.1
Project("{9A19103F-16F7-4668-BE54-9A1E7A4F7556}") = "u22491717_HW01_API", "u22491717_HW01_API\u22491717_HW01_API.csproj", "{92883A3B-0F74-4A90-BE9D-F25C3921120F}"
EndProject
Project("{FAE04EC0-301F-11D3-BF4B-00C04F79EFBC}") = "u22491717_HW01_API.Tests", "u22491717_HW01_API.Tests\u22491717_HW01_API.Tests.csproj", "{B623F51A-07E7-4882-A311-670E6E7C6231}"
EndProject
Global
	GlobalSection(SolutionConfigurationPlatforms) = preSolution
		Debug|Any CPU = Debug|Any CPU
		Release|Any CPU = Release|Any CPU
	EndGlobalSection
	GlobalSection(ProjectConfigurationPlatforms) = postSolution
		{92883A3B-0F74-4A90-BE9D-F25C3921120F}.Debug|Any CPU.ActiveCfg = Debug|Any CPU
		{92883A3B-0F74-4A90-BE9D-F25C3921120F}.Debug|Any CPU.Build.0 = Debug|Any CPU
		{92883A3B-0F74-4A90-BE9D-F25C3921120F}.Release|Any CPU.ActiveCfg = Release|Any CPU
		{92883A3B-0F74-4A90-BE9D-F25C3921120F}.Release|Any CPU.Build.0 = Release|Any CPU
		{B623F51A-07E7-4882-A311-670E6E7C6231}.Debug|Any CPU.ActiveCfg = Debug|Any CPU
		{B623F51A-07E7-4882-A311-670E6E7C6231}.Debug|Any CPU.Build.0 = Debug|Any CPU
		{B623F51A-07E7-4882-A311-670E6E7C6231}.Release|Any CPU.ActiveCfg = Release|Any CPU
		{B623F51A-07E7-4882-A311-670E6E7C6231}.Release|Any CPU.Build.0 = Release|Any CPU
	EndGlobalSection
	GlobalSection(SolutionProperties) = preSolution
		HideSolutionNode = FALSE
	EndGlobalSection
	GlobalSection(ExtensibilityGlobals) = postSolution
		SolutionGuid = {1C0D8359-303E-436D-8F64-1779A352EDF7}
	EndGlobalSection
EndGlobal
